// !$*UTF8*$!
{
	archiveVersion = 1;
	classes = {
	};
	objectVersion = 46;
	objects = {

/* Begin PBXBuildFile section */
		8B8327CD1DEDA2A1009D8BB0 /* main.m in Sources */ = {isa = PBXBuildFile; fileRef = 8B8327CC1DEDA2A1009D8BB0 /* main.m */; };
		8B8327D01DEDA2A1009D8BB0 /* AppDelegate.m in Sources */ = {isa = PBXBuildFile; fileRef = 8B8327CF1DEDA2A1009D8BB0 /* AppDelegate.m */; };
		8B8327D31DEDA2A1009D8BB0 /* ViewController.m in Sources */ = {isa = PBXBuildFile; fileRef = 8B8327D21DEDA2A1009D8BB0 /* ViewController.m */; };
		8B8327D61DEDA2A1009D8BB0 /* Main.storyboard in Resources */ = {isa = PBXBuildFile; fileRef = 8B8327D41DEDA2A1009D8BB0 /* Main.storyboard */; };
		8B8327D81DEDA2A1009D8BB0 /* Assets.xcassets in Resources */ = {isa = PBXBuildFile; fileRef = 8B8327D71DEDA2A1009D8BB0 /* Assets.xcassets */; };
		8B8327DB1DEDA2A1009D8BB0 /* LaunchScreen.storyboard in Resources */ = {isa = PBXBuildFile; fileRef = 8B8327D91DEDA2A1009D8BB0 /* LaunchScreen.storyboard */; };
		8B8327E61DEDA2A1009D8BB0 /* CustomizeNSOperationTests.m in Sources */ = {isa = PBXBuildFile; fileRef = 8B8327E51DEDA2A1009D8BB0 /* CustomizeNSOperationTests.m */; };
		8B8327F11DEDA2A1009D8BB0 /* CustomizeNSOperationUITests.m in Sources */ = {isa = PBXBuildFile; fileRef = 8B8327F01DEDA2A1009D8BB0 /* CustomizeNSOperationUITests.m */; };
		8B8328001DEDA2C4009D8BB0 /* MyNSOperation.m in Sources */ = {isa = PBXBuildFile; fileRef = 8B8327FF1DEDA2C4009D8BB0 /* MyNSOperation.m */; };
		8B8328031DEDA2DC009D8BB0 /* DownloadPic.m in Sources */ = {isa = PBXBuildFile; fileRef = 8B8328021DEDA2DC009D8BB0 /* DownloadPic.m */; };
/* End PBXBuildFile section */

/* Begin PBXContainerItemProxy section */
		8B8327E21DEDA2A1009D8BB0 /* PBXContainerItemProxy */ = {
			isa = PBXContainerItemProxy;
			containerPortal = 8B8327C01DEDA2A1009D8BB0 /* Project object */;
			proxyType = 1;
			remoteGlobalIDString = 8B8327C71DEDA2A1009D8BB0;
			remoteInfo = CustomizeNSOperation;
		};
		8B8327ED1DEDA2A1009D8BB0 /* PBXContainerItemProxy */ = {
			isa = PBXContainerItemProxy;
			containerPortal = 8B8327C01DEDA2A1009D8BB0 /* Project object */;
			proxyType = 1;
			remoteGlobalIDString = 8B8327C71DEDA2A1009D8BB0;
			remoteInfo = CustomizeNSOperation;
		};
/* End PBXContainerItemProxy section */

/* Begin PBXFileReference section */
		8B8327C81DEDA2A1009D8BB0 /* CustomizeNSOperation.app */ = {isa = PBXFileReference; explicitFileType = wrapper.application; includeInIndex = 0; path = CustomizeNSOperation.app; sourceTree = BUILT_PRODUCTS_DIR; };
		8B8327CC1DEDA2A1009D8BB0 /* main.m */ = {isa = PBXFileReference; lastKnownFileType = sourcecode.c.objc; path = main.m; sourceTree = "<group>"; };
		8B8327CE1DEDA2A1009D8BB0 /* AppDelegate.h */ = {isa = PBXFileReference; lastKnownFileType = sourcecode.c.h; path = AppDelegate.h; sourceTree = "<group>"; };
		8B8327CF1DEDA2A1009D8BB0 /* AppDelegate.m */ = {isa = PBXFileReference; lastKnownFileType = sourcecode.c.objc; path = AppDelegate.m; sourceTree = "<group>"; };
		8B8327D11DEDA2A1009D8BB0 /* ViewController.h */ = {isa = PBXFileReference; lastKnownFileType = sourcecode.c.h; path = ViewController.h; sourceTree = "<group>"; };
		8B8327D21DEDA2A1009D8BB0 /* ViewController.m */ = {isa = PBXFileReference; lastKnownFileType = sourcecode.c.objc; path = ViewController.m; sourceTree = "<group>"; };
		8B8327D51DEDA2A1009D8BB0 /* Base */ = {isa = PBXFileReference; lastKnownFileType = file.storyboard; name = Base; path = Base.lproj/Main.storyboard; sourceTree = "<group>"; };
		8B8327D71DEDA2A1009D8BB0 /* Assets.xcassets */ = {isa = PBXFileReference; lastKnownFileType = folder.assetcatalog; path = Assets.xcassets; sourceTree = "<group>"; };
		8B8327DA1DEDA2A1009D8BB0 /* Base */ = {isa = PBXFileReference; lastKnownFileType = file.storyboard; name = Base; path = Base.lproj/LaunchScreen.storyboard; sourceTree = "<group>"; };
		8B8327DC1DEDA2A1009D8BB0 /* Info.plist */ = {isa = PBXFileReference; lastKnownFileType = text.plist.xml; path = Info.plist; sourceTree = "<group>"; };
		8B8327E11DEDA2A1009D8BB0 /* CustomizeNSOperationTests.xctest */ = {isa = PBXFileReference; explicitFileType = wrapper.cfbundle; includeInIndex = 0; path = CustomizeNSOperationTests.xctest; sourceTree = BUILT_PRODUCTS_DIR; };
		8B8327E51DEDA2A1009D8BB0 /* CustomizeNSOperationTests.m */ = {isa = PBXFileReference; lastKnownFileType = sourcecode.c.objc; path = CustomizeNSOperationTests.m; sourceTree = "<group>"; };
		8B8327E71DEDA2A1009D8BB0 /* Info.plist */ = {isa = PBXFileReference; lastKnownFileType = text.plist.xml; path = Info.plist; sourceTree = "<group>"; };
		8B8327EC1DEDA2A1009D8BB0 /* CustomizeNSOperationUITests.xctest */ = {isa = PBXFileReference; explicitFileType = wrapper.cfbundle; includeInIndex = 0; path = CustomizeNSOperationUITests.xctest; sourceTree = BUILT_PRODUCTS_DIR; };
		8B8327F01DEDA2A1009D8BB0 /* CustomizeNSOperationUITests.m */ = {isa = PBXFileReference; lastKnownFileType = sourcecode.c.objc; path = CustomizeNSOperationUITests.m; sourceTree = "<group>"; };
		8B8327F21DEDA2A1009D8BB0 /* Info.plist */ = {isa = PBXFileReference; lastKnownFileType = text.plist.xml; path = Info.plist; sourceTree = "<group>"; };
		8B8327FE1DEDA2C4009D8BB0 /* MyNSOperation.h */ = {isa = PBXFileReference; fileEncoding = 4; lastKnownFileType = sourcecode.c.h; path = MyNSOperation.h; sourceTree = "<group>"; };
		8B8327FF1DEDA2C4009D8BB0 /* MyNSOperation.m */ = {isa = PBXFileReference; fileEncoding = 4; lastKnownFileType = sourcecode.c.objc; path = MyNSOperation.m; sourceTree = "<group>"; };
		8B8328011DEDA2DC009D8BB0 /* DownloadPic.h */ = {isa = PBXFileReference; fileEncoding = 4; lastKnownFileType = sourcecode.c.h; path = DownloadPic.h; sourceTree = "<group>"; };
		8B8328021DEDA2DC009D8BB0 /* DownloadPic.m */ = {isa = PBXFileReference; fileEncoding = 4; lastKnownFileType = sourcecode.c.objc; path = DownloadPic.m; sourceTree = "<group>"; };
/* End PBXFileReference section */

/* Begin PBXFrameworksBuildPhase section */
		8B8327C51DEDA2A1009D8BB0 /* Frameworks */ = {
			isa = PBXFrameworksBuildPhase;
			buildActionMask = 2147483647;
			files = (
			);
			runOnlyForDeploymentPostprocessing = 0;
		};
		8B8327DE1DEDA2A1009D8BB0 /* Frameworks */ = {
			isa = PBXFrameworksBuildPhase;
			buildActionMask = 2147483647;
			files = (
			);
			runOnlyForDeploymentPostprocessing = 0;
		};
		8B8327E91DEDA2A1009D8BB0 /* Frameworks */ = {
			isa = PBXFrameworksBuildPhase;
			buildActionMask = 2147483647;
			files = (
			);
			runOnlyForDeploymentPostprocessing = 0;
		};
/* End PBXFrameworksBuildPhase section */

/* Begin PBXGroup section */
		8B8327BF1DEDA2A1009D8BB0 = {
			isa = PBXGroup;
			children = (
				8B8327CA1DEDA2A1009D8BB0 /* CustomizeNSOperation */,
				8B8327E41DEDA2A1009D8BB0 /* CustomizeNSOperationTests */,
				8B8327EF1DEDA2A1009D8BB0 /* CustomizeNSOperationUITests */,
				8B8327C91DEDA2A1009D8BB0 /* Products */,
			);
			sourceTree = "<group>";
		};
		8B8327C91DEDA2A1009D8BB0 /* Products */ = {
			isa = PBXGroup;
			children = (
				8B8327C81DEDA2A1009D8BB0 /* CustomizeNSOperation.app */,
				8B8327E11DEDA2A1009D8BB0 /* CustomizeNSOperationTests.xctest */,
				8B8327EC1DEDA2A1009D8BB0 /* CustomizeNSOperationUITests.xctest */,
			);
			name = Products;
			sourceTree = "<group>";
		};
		8B8327CA1DEDA2A1009D8BB0 /* CustomizeNSOperation */ = {
			isa = PBXGroup;
			children = (
				8B8327CE1DEDA2A1009D8BB0 /* AppDelegate.h */,
				8B8327CF1DEDA2A1009D8BB0 /* AppDelegate.m */,
				8B8327D11DEDA2A1009D8BB0 /* ViewController.h */,
				8B8327D21DEDA2A1009D8BB0 /* ViewController.m */,
				8B8328011DEDA2DC009D8BB0 /* DownloadPic.h */,
				8B8328021DEDA2DC009D8BB0 /* DownloadPic.m */,
				8B8327FE1DEDA2C4009D8BB0 /* MyNSOperation.h */,
				8B8327FF1DEDA2C4009D8BB0 /* MyNSOperation.m */,
				8B8327D41DEDA2A1009D8BB0 /* Main.storyboard */,
				8B8327D71DEDA2A1009D8BB0 /* Assets.xcassets */,
				8B8327D91DEDA2A1009D8BB0 /* LaunchScreen.storyboard */,
				8B8327DC1DEDA2A1009D8BB0 /* Info.plist */,
				8B8327CB1DEDA2A1009D8BB0 /* Supporting Files */,
			);
			path = CustomizeNSOperation;
			sourceTree = "<group>";
		};
		8B8327CB1DEDA2A1009D8BB0 /* Supporting Files */ = {
			isa = PBXGroup;
			children = (
				8B8327CC1DEDA2A1009D8BB0 /* main.m */,
			);
			name = "Supporting Files";
			sourceTree = "<group>";
		};
		8B8327E41DEDA2A1009D8BB0 /* CustomizeNSOperationTests */ = {
			isa = PBXGroup;
			children = (
				8B8327E51DEDA2A1009D8BB0 /* CustomizeNSOperationTests.m */,
				8B8327E71DEDA2A1009D8BB0 /* Info.plist */,
			);
			path = CustomizeNSOperationTests;
			sourceTree = "<group>";
		};
		8B8327EF1DEDA2A1009D8BB0 /* CustomizeNSOperationUITests */ = {
			isa = PBXGroup;
			children = (
				8B8327F01DEDA2A1009D8BB0 /* CustomizeNSOperationUITests.m */,
				8B8327F21DEDA2A1009D8BB0 /* Info.plist */,
			);
			path = CustomizeNSOperationUITests;
			sourceTree = "<group>";
		};
/* End PBXGroup section */

/* Begin PBXNativeTarget section */
		8B8327C71DEDA2A1009D8BB0 /* CustomizeNSOperation */ = {
			isa = PBXNativeTarget;
			buildConfigurationList = 8B8327F51DEDA2A1009D8BB0 /* Build configuration list for PBXNativeTarget "CustomizeNSOperation" */;
			buildPhases = (
				8B8327C41DEDA2A1009D8BB0 /* Sources */,
				8B8327C51DEDA2A1009D8BB0 /* Frameworks */,
				8B8327C61DEDA2A1009D8BB0 /* Resources */,
			);
			buildRules = (
			);
			dependencies = (
			);
			name = CustomizeNSOperation;
			productName = CustomizeNSOperation;
			productReference = 8B8327C81DEDA2A1009D8BB0 /* CustomizeNSOperation.app */;
			productType = "com.apple.product-type.application";
		};
		8B8327E01DEDA2A1009D8BB0 /* CustomizeNSOperationTests */ = {
			isa = PBXNativeTarget;
			buildConfigurationList = 8B8327F81DEDA2A1009D8BB0 /* Build configuration list for PBXNativeTarget "CustomizeNSOperationTests" */;
			buildPhases = (
				8B8327DD1DEDA2A1009D8BB0 /* Sources */,
				8B8327DE1DEDA2A1009D8BB0 /* Frameworks */,
				8B8327DF1DEDA2A1009D8BB0 /* Resources */,
			);
			buildRules = (
			);
			dependencies = (
				8B8327E31DEDA2A1009D8BB0 /* PBXTargetDependency */,
			);
			name = CustomizeNSOperationTests;
			productName = CustomizeNSOperationTests;
			productReference = 8B8327E11DEDA2A1009D8BB0 /* CustomizeNSOperationTests.xctest */;
			productType = "com.apple.product-type.bundle.unit-test";
		};
		8B8327EB1DEDA2A1009D8BB0 /* CustomizeNSOperationUITests */ = {
			isa = PBXNativeTarget;
			buildConfigurationList = 8B8327FB1DEDA2A1009D8BB0 /* Build configuration list for PBXNativeTarget "CustomizeNSOperationUITests" */;
			buildPhases = (
				8B8327E81DEDA2A1009D8BB0 /* Sources */,
				8B8327E91DEDA2A1009D8BB0 /* Frameworks */,
				8B8327EA1DEDA2A1009D8BB0 /* Resources */,
			);
			buildRules = (
			);
			dependencies = (
				8B8327EE1DEDA2A1009D8BB0 /* PBXTargetDependency */,
			);
			name = CustomizeNSOperationUITests;
			productName = CustomizeNSOperationUITests;
			productReference = 8B8327EC1DEDA2A1009D8BB0 /* CustomizeNSOperationUITests.xctest */;
			productType = "com.apple.product-type.bundle.ui-testing";
		};
/* End PBXNativeTarget section */

/* Begin PBXProject section */
		8B8327C01DEDA2A1009D8BB0 /* Project object */ = {
			isa = PBXProject;
			attributes = {
				LastUpgradeCheck = 0810;
				ORGANIZATIONNAME = ITPanda;
				TargetAttributes = {
					8B8327C71DEDA2A1009D8BB0 = {
						CreatedOnToolsVersion = 8.1;
						DevelopmentTeam = X4435MZ82Y;
						ProvisioningStyle = Automatic;
					};
					8B8327E01DEDA2A1009D8BB0 = {
						CreatedOnToolsVersion = 8.1;
						DevelopmentTeam = X4435MZ82Y;
						ProvisioningStyle = Automatic;
						TestTargetID = 8B8327C71DEDA2A1009D8BB0;
					};
					8B8327EB1DEDA2A1009D8BB0 = {
						CreatedOnToolsVersion = 8.1;
						DevelopmentTeam = X4435MZ82Y;
						ProvisioningStyle = Automatic;
						TestTargetID = 8B8327C71DEDA2A1009D8BB0;
					};
				};
			};
			buildConfigurationList = 8B8327C31DEDA2A1009D8BB0 /* Build configuration list for PBXProject "CustomizeNSOperation" */;
			compatibilityVersion = "Xcode 3.2";
			developmentRegion = English;
			hasScannedForEncodings = 0;
			knownRegions = (
				en,
				Base,
			);
			mainGroup = 8B8327BF1DEDA2A1009D8BB0;
			productRefGroup = 8B8327C91DEDA2A1009D8BB0 /* Products */;
			projectDirPath = "";
			projectRoot = "";
			targets = (
				8B8327C71DEDA2A1009D8BB0 /* CustomizeNSOperation */,
				8B8327E01DEDA2A1009D8BB0 /* CustomizeNSOperationTests */,
				8B8327EB1DEDA2A1009D8BB0 /* CustomizeNSOperationUITests */,
			);
		};
/* End PBXProject section */

/* Begin PBXResourcesBuildPhase section */
		8B8327C61DEDA2A1009D8BB0 /* Resources */ = {
			isa = PBXResourcesBuildPhase;
			buildActionMask = 2147483647;
			files = (
				8B8327DB1DEDA2A1009D8BB0 /* LaunchScreen.storyboard in Resources */,
				8B8327D81DEDA2A1009D8BB0 /* Assets.xcassets in Resources */,
				8B8327D61DEDA2A1009D8BB0 /* Main.storyboard in Resources */,
			);
			runOnlyForDeploymentPostprocessing = 0;
		};
		8B8327DF1DEDA2A1009D8BB0 /* Resources */ = {
			isa = PBXResourcesBuildPhase;
			buildActionMask = 2147483647;
			files = (
			);
			runOnlyForDeploymentPostprocessing = 0;
		};
		8B8327EA1DEDA2A1009D8BB0 /* Resources */ = {
			isa = PBXResourcesBuildPhase;
			buildActionMask = 2147483647;
			files = (
			);
			runOnlyForDeploymentPostprocessing = 0;
		};
/* End PBXResourcesBuildPhase section */

/* Begin PBXSourcesBuildPhase section */
		8B8327C41DEDA2A1009D8BB0 /* Sources */ = {
			isa = PBXSourcesBuildPhase;
			buildActionMask = 2147483647;
			files = (
				8B8327D31DEDA2A1009D8BB0 /* ViewController.m in Sources */,
				8B8328031DEDA2DC009D8BB0 /* DownloadPic.m in Sources */,
				8B8327D01DEDA2A1009D8BB0 /* AppDelegate.m in Sources */,
				8B8328001DEDA2C4009D8BB0 /* MyNSOperation.m in Sources */,
				8B8327CD1DEDA2A1009D8BB0 /* main.m in Sources */,
			);
			runOnlyForDeploymentPostprocessing = 0;
		};
		8B8327DD1DEDA2A1009D8BB0 /* Sources */ = {
			isa = PBXSourcesBuildPhase;
			buildActionMask = 2147483647;
			files = (
				8B8327E61DEDA2A1009D8BB0 /* CustomizeNSOperationTests.m in Sources */,
			);
			runOnlyForDeploymentPostprocessing = 0;
		};
		8B8327E81DEDA2A1009D8BB0 /* Sources */ = {
			isa = PBXSourcesBuildPhase;
			buildActionMask = 2147483647;
			files = (
				8B8327F11DEDA2A1009D8BB0 /* CustomizeNSOperationUITests.m in Sources */,
			);
			runOnlyForDeploymentPostprocessing = 0;
		};
/* End PBXSourcesBuildPhase section */

/* Begin PBXTargetDependency section */
		8B8327E31DEDA2A1009D8BB0 /* PBXTargetDependency */ = {
			isa = PBXTargetDependency;
			target = 8B8327C71DEDA2A1009D8BB0 /* CustomizeNSOperation */;
			targetProxy = 8B8327E21DEDA2A1009D8BB0 /* PBXContainerItemProxy */;
		};
		8B8327EE1DEDA2A1009D8BB0 /* PBXTargetDependency */ = {
			isa = PBXTargetDependency;
			target = 8B8327C71DEDA2A1009D8BB0 /* CustomizeNSOperation */;
			targetProxy = 8B8327ED1DEDA2A1009D8BB0 /* PBXContainerItemProxy */;
		};
/* End PBXTargetDependency section */

/* Begin PBXVariantGroup section */
		8B8327D41DEDA2A1009D8BB0 /* Main.storyboard */ = {
			isa = PBXVariantGroup;
			children = (
				8B8327D51DEDA2A1009D8BB0 /* Base */,
			);
			name = Main.storyboard;
			sourceTree = "<group>";
		};
		8B8327D91DEDA2A1009D8BB0 /* LaunchScreen.storyboard */ = {
			isa = PBXVariantGroup;
			children = (
				8B8327DA1DEDA2A1009D8BB0 /* Base */,
			);
			name = LaunchScreen.storyboard;
			sourceTree = "<group>";
		};
/* End PBXVariantGroup section */

/* Begin XCBuildConfiguration section */
		8B8327F31DEDA2A1009D8BB0 /* Debug */ = {
			isa = XCBuildConfiguration;
			buildSettings = {
				ALWAYS_SEARCH_USER_PATHS = NO;
				CLANG_ANALYZER_NONNULL = YES;
				CLANG_CXX_LANGUAGE_STANDARD = "gnu++0x";
				CLANG_CXX_LIBRARY = "libc++";
				CLANG_ENABLE_MODULES = YES;
				CLANG_ENABLE_OBJC_ARC = YES;
				CLANG_WARN_BOOL_CONVERSION = YES;
				CLANG_WARN_CONSTANT_CONVERSION = YES;
				CLANG_WARN_DIRECT_OBJC_ISA_USAGE = YES_ERROR;
				CLANG_WARN_DOCUMENTATION_COMMENTS = YES;
				CLANG_WARN_EMPTY_BODY = YES;
				CLANG_WARN_ENUM_CONVERSION = YES;
				CLANG_WARN_INFINITE_RECURSION = YES;
				CLANG_WARN_INT_CONVERSION = YES;
				CLANG_WARN_OBJC_ROOT_CLASS = YES_ERROR;
				CLANG_WARN_SUSPICIOUS_MOVES = YES;
				CLANG_WARN_UNREACHABLE_CODE = YES;
				CLANG_WARN__DUPLICATE_METHOD_MATCH = YES;
				"CODE_SIGN_IDENTITY[sdk=iphoneos*]" = "iPhone Developer";
				COPY_PHASE_STRIP = NO;
				DEBUG_INFORMATION_FORMAT = dwarf;
				ENABLE_STRICT_OBJC_MSGSEND = YES;
				ENABLE_TESTABILITY = YES;
				GCC_C_LANGUAGE_STANDARD = gnu99;
				GCC_DYNAMIC_NO_PIC = NO;
				GCC_NO_COMMON_BLOCKS = YES;
				GCC_OPTIMIZATION_LEVEL = 0;
				GCC_PREPROCESSOR_DEFINITIONS = (
					"DEBUG=1",
					"$(inherited)",
				);
				GCC_WARN_64_TO_32_BIT_CONVERSION = YES;
				GCC_WARN_ABOUT_RETURN_TYPE = YES_ERROR;
				GCC_WARN_UNDECLARED_SELECTOR = YES;
				GCC_WARN_UNINITIALIZED_AUTOS = YES_AGGRESSIVE;
				GCC_WARN_UNUSED_FUNCTION = YES;
				GCC_WARN_UNUSED_VARIABLE = YES;
				IPHONEOS_DEPLOYMENT_TARGET = 10.1;
				MTL_ENABLE_DEBUG_INFO = YES;
				ONLY_ACTIVE_ARCH = YES;
				SDKROOT = iphoneos;
				TARGETED_DEVICE_FAMILY = "1,2";
			};
			name = Debug;
		};
		8B8327F41DEDA2A1009D8BB0 /* Release */ = {
			isa = XCBuildConfiguration;
			buildSettings = {
				ALWAYS_SEARCH_USER_PATHS = NO;
				CLANG_ANALYZER_NONNULL = YES;
				CLANG_CXX_LANGUAGE_STANDARD = "gnu++0x";
				CLANG_CXX_LIBRARY = "libc++";
				CLANG_ENABLE_MODULES = YES;
				CLANG_ENABLE_OBJC_ARC = YES;
				CLANG_WARN_BOOL_CONVERSION = YES;
				CLANG_WARN_CONSTANT_CONVERSION = YES;
				CLANG_WARN_DIRECT_OBJC_ISA_USAGE = YES_ERROR;
				CLANG_WARN_DOCUMENTATION_COMMENTS = YES;
				CLANG_WARN_EMPTY_BODY = YES;
				CLANG_WARN_ENUM_CONVERSION = YES;
				CLANG_WARN_INFINITE_RECURSION = YES;
				CLANG_WARN_INT_CONVERSION = YES;
				CLANG_WARN_OBJC_ROOT_CLASS = YES_ERROR;
				CLANG_WARN_SUSPICIOUS_MOVES = YES;
				CLANG_WARN_UNREACHABLE_CODE = YES;
				CLANG_WARN__DUPLICATE_METHOD_MATCH = YES;
				"CODE_SIGN_IDENTITY[sdk=iphoneos*]" = "iPhone Developer";
				COPY_PHASE_STRIP = NO;
				DEBUG_INFORMATION_FORMAT = "dwarf-with-dsym";
				ENABLE_NS_ASSERTIONS = NO;
				ENABLE_STRICT_OBJC_MSGSEND = YES;
				GCC_C_LANGUAGE_STANDARD = gnu99;
				GCC_NO_COMMON_BLOCKS = YES;
				GCC_WARN_64_TO_32_BIT_CONVERSION = YES;
				GCC_WARN_ABOUT_RETURN_TYPE = YES_ERROR;
				GCC_WARN_UNDECLARED_SELECTOR = YES;
				GCC_WARN_UNINITIALIZED_AUTOS = YES_AGGRESSIVE;
				GCC_WARN_UNUSED_FUNCTION = YES;
				GCC_WARN_UNUSED_VARIABLE = YES;
				IPHONEOS_DEPLOYMENT_TARGET = 10.1;
				MTL_ENABLE_DEBUG_INFO = NO;
				SDKROOT = iphoneos;
				TARGETED_DEVICE_FAMILY = "1,2";
				VALIDATE_PRODUCT = YES;
			};
			name = Release;
		};
		8B8327F61DEDA2A1009D8BB0 /* Debug */ = {
			isa = XCBuildConfiguration;
			buildSettings = {
				ASSETCATALOG_COMPILER_APPICON_NAME = AppIcon;
				DEVELOPMENT_TEAM = X4435MZ82Y;
				INFOPLIST_FILE = CustomizeNSOperation/Info.plist;
				LD_RUNPATH_SEARCH_PATHS = "$(inherited) @executable_path/Frameworks";
				PRODUCT_BUNDLE_IDENTIFIER = "IT-Panda.CustomizeNSOperation";
				PRODUCT_NAME = "$(TARGET_NAME)";
			};
			name = Debug;
		};
		8B8327F71DEDA2A1009D8BB0 /* Release */ = {
			isa = XCBuildConfiguration;
			buildSettings = {
				ASSETCATALOG_COMPILER_APPICON_NAME = AppIcon;
				DEVELOPMENT_TEAM = X4435MZ82Y;
				INFOPLIST_FILE = CustomizeNSOperation/Info.plist;
				LD_RUNPATH_SEARCH_PATHS = "$(inherited) @executable_path/Frameworks";
				PRODUCT_BUNDLE_IDENTIFIER = "IT-Panda.CustomizeNSOperation";
				PRODUCT_NAME = "$(TARGET_NAME)";
			};
			name = Release;
		};
		8B8327F91DEDA2A1009D8BB0 /* Debug */ = {
			isa = XCBuildConfiguration;
			buildSettings = {
				BUNDLE_LOADER = "$(TEST_HOST)";
				DEVELOPMENT_TEAM = X4435MZ82Y;
				INFOPLIST_FILE = CustomizeNSOperationTests/Info.plist;
				LD_RUNPATH_SEARCH_PATHS = "$(inherited) @executable_path/Frameworks @loader_path/Frameworks";
				PRODUCT_BUNDLE_IDENTIFIER = "IT-Panda.CustomizeNSOperationTests";
				PRODUCT_NAME = "$(TARGET_NAME)";
				TEST_HOST = "$(BUILT_PRODUCTS_DIR)/CustomizeNSOperation.app/CustomizeNSOperation";
			};
			name = Debug;
		};
		8B8327FA1DEDA2A1009D8BB0 /* Release */ = {
			isa = XCBuildConfiguration;
			buildSettings = {
				BUNDLE_LOADER = "$(TEST_HOST)";
				DEVELOPMENT_TEAM = X4435MZ82Y;
				INFOPLIST_FILE = CustomizeNSOperationTests/Info.plist;
				LD_RUNPATH_SEARCH_PATHS = "$(inherited) @executable_path/Frameworks @loader_path/Frameworks";
				PRODUCT_BUNDLE_IDENTIFIER = "IT-Panda.CustomizeNSOperationTests";
				PRODUCT_NAME = "$(TARGET_NAME)";
				TEST_HOST = "$(BUILT_PRODUCTS_DIR)/CustomizeNSOperation.app/CustomizeNSOperation";
			};
			name = Release;
		};
		8B8327FC1DEDA2A1009D8BB0 /* Debug */ = {
			isa = XCBuildConfiguration;
			buildSettings = {
				DEVELOPMENT_TEAM = X4435MZ82Y;
				INFOPLIST_FILE = CustomizeNSOperationUITests/Info.plist;
				LD_RUNPATH_SEARCH_PATHS = "$(inherited) @executable_path/Frameworks @loader_path/Frameworks";
				PRODUCT_BUNDLE_IDENTIFIER = "IT-Panda.CustomizeNSOperationUITests";
				PRODUCT_NAME = "$(TARGET_NAME)";
				TEST_TARGET_NAME = CustomizeNSOperation;
			};
			name = Debug;
		};
		8B8327FD1DEDA2A1009D8BB0 /* Release */ = {
			isa = XCBuildConfiguration;
			buildSettings = {
				DEVELOPMENT_TEAM = X4435MZ82Y;
				INFOPLIST_FILE = CustomizeNSOperationUITests/Info.plist;
				LD_RUNPATH_SEARCH_PATHS = "$(inherited) @executable_path/Frameworks @loader_path/Frameworks";
				PRODUCT_BUNDLE_IDENTIFIER = "IT-Panda.CustomizeNSOperationUITests";
				PRODUCT_NAME = "$(TARGET_NAME)";
				TEST_TARGET_NAME = CustomizeNSOperation;
			};
			name = Release;
		};
/* End XCBuildConfiguration section */

/* Begin XCConfigurationList section */
		8B8327C31DEDA2A1009D8BB0 /* Build configuration list for PBXProject "CustomizeNSOperation" */ = {
			isa = XCConfigurationList;
			buildConfigurations = (
				8B8327F31DEDA2A1009D8BB0 /* Debug */,
				8B8327F41DEDA2A1009D8BB0 /* Release */,
			);
			defaultConfigurationIsVisible = 0;
			defaultConfigurationName = Release;
		};
		8B8327F51DEDA2A1009D8BB0 /* Build configuration list for PBXNativeTarget "CustomizeNSOperation" */ = {
			isa = XCConfigurationList;
			buildConfigurations = (
				8B8327F61DEDA2A1009D8BB0 /* Debug */,
				8B8327F71DEDA2A1009D8BB0 /* Release */,
			);
			defaultConfigurationIsVisible = 0;
		};
		8B8327F81DEDA2A1009D8BB0 /* Build configuration list for PBXNativeTarget "CustomizeNSOperationTests" */ = {
			isa = XCConfigurationList;
			buildConfigurations = (
				8B8327F91DEDA2A1009D8BB0 /* Debug */,
				8B8327FA1DEDA2A1009D8BB0 /* Release */,
			);
			defaultConfigurationIsVisible = 0;
		};
		8B8327FB1DEDA2A1009D8BB0 /* Build configuration list for PBXNativeTarget "CustomizeNSOperationUITests" */ = {
			isa = XCConfigurationList;
			buildConfigurations = (
				8B8327FC1DEDA2A1009D8BB0 /* Debug */,
				8B8327FD1DEDA2A1009D8BB0 /* Release */,
			);
			defaultConfigurationIsVisible = 0;
		};
/* End XCConfigurationList section */
	};
	rootObject = 8B8327C01DEDA2A1009D8BB0 /* Project object */;
}
